// !$*UTF8*$!
{
	archiveVersion = 1;
	classes = {
	};
	objectVersion = 56;
	objects = {

/* Begin PBXBuildFile section */
		DA0C3BCD29DCF3B000079BCD /* SwiftUILayoutSystemApp.swift in Sources */ = {isa = PBXBuildFile; fileRef = DA0C3BCC29DCF3B000079BCD /* SwiftUILayoutSystemApp.swift */; };
		DA0C3BCF29DCF3B000079BCD /* ContentView.swift in Sources */ = {isa = PBXBuildFile; fileRef = DA0C3BCE29DCF3B000079BCD /* ContentView.swift */; };
		DA0C3BD129DCF3B200079BCD /* Assets.xcassets in Resources */ = {isa = PBXBuildFile; fileRef = DA0C3BD029DCF3B200079BCD /* Assets.xcassets */; };
		DA0C3BD429DCF3B200079BCD /* Preview Assets.xcassets in Resources */ = {isa = PBXBuildFile; fileRef = DA0C3BD329DCF3B200079BCD /* Preview Assets.xcassets */; };
		DA0C3BDB29DCF4C300079BCD /* ExText.swift in Sources */ = {isa = PBXBuildFile; fileRef = DA0C3BDA29DCF4C300079BCD /* ExText.swift */; };
		DA0C3BDD29DCF4DB00079BCD /* ExColor.swift in Sources */ = {isa = PBXBuildFile; fileRef = DA0C3BDC29DCF4DB00079BCD /* ExColor.swift */; };
		DA0C3BDF29DCF4F500079BCD /* ExToggle.swift in Sources */ = {isa = PBXBuildFile; fileRef = DA0C3BDE29DCF4F500079BCD /* ExToggle.swift */; };
		DA0C3BE129DCF55100079BCD /* ExTextField.swift in Sources */ = {isa = PBXBuildFile; fileRef = DA0C3BE029DCF55100079BCD /* ExTextField.swift */; };
		DA0C3BE329DCF69D00079BCD /* ExButton.swift in Sources */ = {isa = PBXBuildFile; fileRef = DA0C3BE229DCF69D00079BCD /* ExButton.swift */; };
		DA0C3BE529DCF71100079BCD /* ExScrollView.swift in Sources */ = {isa = PBXBuildFile; fileRef = DA0C3BE429DCF71100079BCD /* ExScrollView.swift */; };
		DA0C3BE729DCF77700079BCD /* ExLink.swift in Sources */ = {isa = PBXBuildFile; fileRef = DA0C3BE629DCF77700079BCD /* ExLink.swift */; };
		DA0C3BE929DCF7D900079BCD /* ExSlider.swift in Sources */ = {isa = PBXBuildFile; fileRef = DA0C3BE829DCF7D900079BCD /* ExSlider.swift */; };
		DA0C3BEB29DCF84400079BCD /* ExStepper.swift in Sources */ = {isa = PBXBuildFile; fileRef = DA0C3BEA29DCF84400079BCD /* ExStepper.swift */; };
		DA0C3BED29DCF88C00079BCD /* ExGauge.swift in Sources */ = {isa = PBXBuildFile; fileRef = DA0C3BEC29DCF88C00079BCD /* ExGauge.swift */; };
		DA0C3BEF29DCF94D00079BCD /* ExProgressView.swift in Sources */ = {isa = PBXBuildFile; fileRef = DA0C3BEE29DCF94D00079BCD /* ExProgressView.swift */; };
		DA0C3BF129DCFA2700079BCD /* ExDatePicker.swift in Sources */ = {isa = PBXBuildFile; fileRef = DA0C3BF029DCFA2700079BCD /* ExDatePicker.swift */; };
		DA0C3BF329DCFA8A00079BCD /* ExLinerGradient.swift in Sources */ = {isa = PBXBuildFile; fileRef = DA0C3BF229DCFA8A00079BCD /* ExLinerGradient.swift */; };
		DA0C3BF529DCFB4800079BCD /* ExCircle.swift in Sources */ = {isa = PBXBuildFile; fileRef = DA0C3BF429DCFB4800079BCD /* ExCircle.swift */; };
		DA0C3BF729DCFB9600079BCD /* ExEllipse.swift in Sources */ = {isa = PBXBuildFile; fileRef = DA0C3BF629DCFB9600079BCD /* ExEllipse.swift */; };
		DA0C3BF929DCFBC900079BCD /* ExCapsule.swift in Sources */ = {isa = PBXBuildFile; fileRef = DA0C3BF829DCFBC900079BCD /* ExCapsule.swift */; };
		DA0C3BFB29DCFD2A00079BCD /* ExVStack.swift in Sources */ = {isa = PBXBuildFile; fileRef = DA0C3BFA29DCFD2A00079BCD /* ExVStack.swift */; };
		DA0C3BFD29DCFE1000079BCD /* ExHStack.swift in Sources */ = {isa = PBXBuildFile; fileRef = DA0C3BFC29DCFE1000079BCD /* ExHStack.swift */; };
		DA0C3BFF29DCFE4D00079BCD /* ExLazyVStack.swift in Sources */ = {isa = PBXBuildFile; fileRef = DA0C3BFE29DCFE4D00079BCD /* ExLazyVStack.swift */; };
		DA0C3C0129DCFE8300079BCD /* ExLazyHStack.swift in Sources */ = {isa = PBXBuildFile; fileRef = DA0C3C0029DCFE8300079BCD /* ExLazyHStack.swift */; };
		DA0C3C0329DCFFAB00079BCD /* ExAngularGradient.swift in Sources */ = {isa = PBXBuildFile; fileRef = DA0C3C0229DCFFAB00079BCD /* ExAngularGradient.swift */; };
		DA0C3C0529DD003400079BCD /* ExMaxWidth.swift in Sources */ = {isa = PBXBuildFile; fileRef = DA0C3C0429DD003400079BCD /* ExMaxWidth.swift */; };
		DA0C3C0729DD048A00079BCD /* ExGeometryReader.swift in Sources */ = {isa = PBXBuildFile; fileRef = DA0C3C0629DD048A00079BCD /* ExGeometryReader.swift */; };
		DA0C3C0929DD04F500079BCD /* ExImage.swift in Sources */ = {isa = PBXBuildFile; fileRef = DA0C3C0829DD04F500079BCD /* ExImage.swift */; };
		DA0C3C0B29DD062D00079BCD /* ExRectangle.swift in Sources */ = {isa = PBXBuildFile; fileRef = DA0C3C0A29DD062D00079BCD /* ExRectangle.swift */; };
		DA1D27BD29DD9E9F0095EDFF /* ExLayoutPriority.swift in Sources */ = {isa = PBXBuildFile; fileRef = DA1D27BC29DD9E9F0095EDFF /* ExLayoutPriority.swift */; };
		DA1D27BF29DDA6010095EDFF /* ExMaxWidth2.swift in Sources */ = {isa = PBXBuildFile; fileRef = DA1D27BE29DDA6010095EDFF /* ExMaxWidth2.swift */; };
		DA1D27C129DDA6D30095EDFF /* ExMaxWidth3.swift in Sources */ = {isa = PBXBuildFile; fileRef = DA1D27C029DDA6D30095EDFF /* ExMaxWidth3.swift */; };
/* End PBXBuildFile section */

/* Begin PBXFileReference section */
		DA0C3BC929DCF3B000079BCD /* SwiftUILayoutSystem.app */ = {isa = PBXFileReference; explicitFileType = wrapper.application; includeInIndex = 0; path = SwiftUILayoutSystem.app; sourceTree = BUILT_PRODUCTS_DIR; };
		DA0C3BCC29DCF3B000079BCD /* SwiftUILayoutSystemApp.swift */ = {isa = PBXFileReference; lastKnownFileType = sourcecode.swift; path = SwiftUILayoutSystemApp.swift; sourceTree = "<group>"; };
		DA0C3BCE29DCF3B000079BCD /* ContentView.swift */ = {isa = PBXFileReference; lastKnownFileType = sourcecode.swift; path = ContentView.swift; sourceTree = "<group>"; };
		DA0C3BD029DCF3B200079BCD /* Assets.xcassets */ = {isa = PBXFileReference; lastKnownFileType = folder.assetcatalog; path = Assets.xcassets; sourceTree = "<group>"; };
		DA0C3BD329DCF3B200079BCD /* Preview Assets.xcassets */ = {isa = PBXFileReference; lastKnownFileType = folder.assetcatalog; path = "Preview Assets.xcassets"; sourceTree = "<group>"; };
		DA0C3BDA29DCF4C300079BCD /* ExText.swift */ = {isa = PBXFileReference; lastKnownFileType = sourcecode.swift; path = ExText.swift; sourceTree = "<group>"; };
		DA0C3BDC29DCF4DB00079BCD /* ExColor.swift */ = {isa = PBXFileReference; lastKnownFileType = sourcecode.swift; path = ExColor.swift; sourceTree = "<group>"; };
		DA0C3BDE29DCF4F500079BCD /* ExToggle.swift */ = {isa = PBXFileReference; lastKnownFileType = sourcecode.swift; path = ExToggle.swift; sourceTree = "<group>"; };
		DA0C3BE029DCF55100079BCD /* ExTextField.swift */ = {isa = PBXFileReference; lastKnownFileType = sourcecode.swift; path = ExTextField.swift; sourceTree = "<group>"; };
		DA0C3BE229DCF69D00079BCD /* ExButton.swift */ = {isa = PBXFileReference; lastKnownFileType = sourcecode.swift; path = ExButton.swift; sourceTree = "<group>"; };
		DA0C3BE429DCF71100079BCD /* ExScrollView.swift */ = {isa = PBXFileReference; lastKnownFileType = sourcecode.swift; path = ExScrollView.swift; sourceTree = "<group>"; };
		DA0C3BE629DCF77700079BCD /* ExLink.swift */ = {isa = PBXFileReference; lastKnownFileType = sourcecode.swift; path = ExLink.swift; sourceTree = "<group>"; };
		DA0C3BE829DCF7D900079BCD /* ExSlider.swift */ = {isa = PBXFileReference; lastKnownFileType = sourcecode.swift; path = ExSlider.swift; sourceTree = "<group>"; };
		DA0C3BEA29DCF84400079BCD /* ExStepper.swift */ = {isa = PBXFileReference; lastKnownFileType = sourcecode.swift; path = ExStepper.swift; sourceTree = "<group>"; };
		DA0C3BEC29DCF88C00079BCD /* ExGauge.swift */ = {isa = PBXFileReference; lastKnownFileType = sourcecode.swift; path = ExGauge.swift; sourceTree = "<group>"; };
		DA0C3BEE29DCF94D00079BCD /* ExProgressView.swift */ = {isa = PBXFileReference; lastKnownFileType = sourcecode.swift; path = ExProgressView.swift; sourceTree = "<group>"; };
		DA0C3BF029DCFA2700079BCD /* ExDatePicker.swift */ = {isa = PBXFileReference; lastKnownFileType = sourcecode.swift; path = ExDatePicker.swift; sourceTree = "<group>"; };
		DA0C3BF229DCFA8A00079BCD /* ExLinerGradient.swift */ = {isa = PBXFileReference; lastKnownFileType = sourcecode.swift; path = ExLinerGradient.swift; sourceTree = "<group>"; };
		DA0C3BF429DCFB4800079BCD /* ExCircle.swift */ = {isa = PBXFileReference; lastKnownFileType = sourcecode.swift; path = ExCircle.swift; sourceTree = "<group>"; };
		DA0C3BF629DCFB9600079BCD /* ExEllipse.swift */ = {isa = PBXFileReference; lastKnownFileType = sourcecode.swift; path = ExEllipse.swift; sourceTree = "<group>"; };
		DA0C3BF829DCFBC900079BCD /* ExCapsule.swift */ = {isa = PBXFileReference; lastKnownFileType = sourcecode.swift; path = ExCapsule.swift; sourceTree = "<group>"; };
		DA0C3BFA29DCFD2A00079BCD /* ExVStack.swift */ = {isa = PBXFileReference; lastKnownFileType = sourcecode.swift; path = ExVStack.swift; sourceTree = "<group>"; };
		DA0C3BFC29DCFE1000079BCD /* ExHStack.swift */ = {isa = PBXFileReference; lastKnownFileType = sourcecode.swift; path = ExHStack.swift; sourceTree = "<group>"; };
		DA0C3BFE29DCFE4D00079BCD /* ExLazyVStack.swift */ = {isa = PBXFileReference; lastKnownFileType = sourcecode.swift; path = ExLazyVStack.swift; sourceTree = "<group>"; };
		DA0C3C0029DCFE8300079BCD /* ExLazyHStack.swift */ = {isa = PBXFileReference; lastKnownFileType = sourcecode.swift; path = ExLazyHStack.swift; sourceTree = "<group>"; };
		DA0C3C0229DCFFAB00079BCD /* ExAngularGradient.swift */ = {isa = PBXFileReference; lastKnownFileType = sourcecode.swift; path = ExAngularGradient.swift; sourceTree = "<group>"; };
		DA0C3C0429DD003400079BCD /* ExMaxWidth.swift */ = {isa = PBXFileReference; lastKnownFileType = sourcecode.swift; path = ExMaxWidth.swift; sourceTree = "<group>"; };
		DA0C3C0629DD048A00079BCD /* ExGeometryReader.swift */ = {isa = PBXFileReference; lastKnownFileType = sourcecode.swift; path = ExGeometryReader.swift; sourceTree = "<group>"; };
		DA0C3C0829DD04F500079BCD /* ExImage.swift */ = {isa = PBXFileReference; lastKnownFileType = sourcecode.swift; path = ExImage.swift; sourceTree = "<group>"; };
		DA0C3C0A29DD062D00079BCD /* ExRectangle.swift */ = {isa = PBXFileReference; lastKnownFileType = sourcecode.swift; path = ExRectangle.swift; sourceTree = "<group>"; };
		DA1D27BC29DD9E9F0095EDFF /* ExLayoutPriority.swift */ = {isa = PBXFileReference; lastKnownFileType = sourcecode.swift; path = ExLayoutPriority.swift; sourceTree = "<group>"; };
		DA1D27BE29DDA6010095EDFF /* ExMaxWidth2.swift */ = {isa = PBXFileReference; lastKnownFileType = sourcecode.swift; path = ExMaxWidth2.swift; sourceTree = "<group>"; };
		DA1D27C029DDA6D30095EDFF /* ExMaxWidth3.swift */ = {isa = PBXFileReference; lastKnownFileType = sourcecode.swift; path = ExMaxWidth3.swift; sourceTree = "<group>"; };
/* End PBXFileReference section */

/* Begin PBXFrameworksBuildPhase section */
		DA0C3BC629DCF3B000079BCD /* Frameworks */ = {
			isa = PBXFrameworksBuildPhase;
			buildActionMask = 2147483647;
			files = (
			);
			runOnlyForDeploymentPostprocessing = 0;
		};
/* End PBXFrameworksBuildPhase section */

/* Begin PBXGroup section */
		DA0C3BC029DCF3AF00079BCD = {
			isa = PBXGroup;
			children = (
				DA0C3BCB29DCF3B000079BCD /* SwiftUILayoutSystem */,
				DA0C3BCA29DCF3B000079BCD /* Products */,
			);
			sourceTree = "<group>";
		};
		DA0C3BCA29DCF3B000079BCD /* Products */ = {
			isa = PBXGroup;
			children = (
				DA0C3BC929DCF3B000079BCD /* SwiftUILayoutSystem.app */,
			);
			name = Products;
			sourceTree = "<group>";
		};
		DA0C3BCB29DCF3B000079BCD /* SwiftUILayoutSystem */ = {
			isa = PBXGroup;
			children = (
				DA0C3BCC29DCF3B000079BCD /* SwiftUILayoutSystemApp.swift */,
				DA0C3BCE29DCF3B000079BCD /* ContentView.swift */,
				DA0C3BDA29DCF4C300079BCD /* ExText.swift */,
				DA0C3C0829DD04F500079BCD /* ExImage.swift */,
				DA0C3BDE29DCF4F500079BCD /* ExToggle.swift */,
				DA0C3BE029DCF55100079BCD /* ExTextField.swift */,
				DA0C3BE229DCF69D00079BCD /* ExButton.swift */,
				DA0C3BE429DCF71100079BCD /* ExScrollView.swift */,
				DA0C3BE629DCF77700079BCD /* ExLink.swift */,
				DA0C3BE829DCF7D900079BCD /* ExSlider.swift */,
				DA0C3BEA29DCF84400079BCD /* ExStepper.swift */,
				DA0C3BEC29DCF88C00079BCD /* ExGauge.swift */,
				DA0C3BEE29DCF94D00079BCD /* ExProgressView.swift */,
				DA0C3BF029DCFA2700079BCD /* ExDatePicker.swift */,
				DA0C3BDC29DCF4DB00079BCD /* ExColor.swift */,
				DA0C3BF229DCFA8A00079BCD /* ExLinerGradient.swift */,
				DA0C3C0229DCFFAB00079BCD /* ExAngularGradient.swift */,
				DA0C3BF429DCFB4800079BCD /* ExCircle.swift */,
				DA0C3BF629DCFB9600079BCD /* ExEllipse.swift */,
				DA0C3BF829DCFBC900079BCD /* ExCapsule.swift */,
				DA0C3C0A29DD062D00079BCD /* ExRectangle.swift */,
				DA0C3BFA29DCFD2A00079BCD /* ExVStack.swift */,
				DA0C3BFC29DCFE1000079BCD /* ExHStack.swift */,
				DA0C3BFE29DCFE4D00079BCD /* ExLazyVStack.swift */,
				DA0C3C0029DCFE8300079BCD /* ExLazyHStack.swift */,
				DA0C3C0629DD048A00079BCD /* ExGeometryReader.swift */,
				DA0C3C0429DD003400079BCD /* ExMaxWidth.swift */,
				DA1D27BE29DDA6010095EDFF /* ExMaxWidth2.swift */,
				DA1D27C029DDA6D30095EDFF /* ExMaxWidth3.swift */,
				DA1D27BC29DD9E9F0095EDFF /* ExLayoutPriority.swift */,
				DA0C3BD029DCF3B200079BCD /* Assets.xcassets */,
				DA0C3BD229DCF3B200079BCD /* Preview Content */,
			);
			path = SwiftUILayoutSystem;
			sourceTree = "<group>";
		};
		DA0C3BD229DCF3B200079BCD /* Preview Content */ = {
			isa = PBXGroup;
			children = (
				DA0C3BD329DCF3B200079BCD /* Preview Assets.xcassets */,
			);
			path = "Preview Content";
			sourceTree = "<group>";
		};
/* End PBXGroup section */

/* Begin PBXNativeTarget section */
		DA0C3BC829DCF3B000079BCD /* SwiftUILayoutSystem */ = {
			isa = PBXNativeTarget;
			buildConfigurationList = DA0C3BD729DCF3B200079BCD /* Build configuration list for PBXNativeTarget "SwiftUILayoutSystem" */;
			buildPhases = (
				DA0C3BC529DCF3B000079BCD /* Sources */,
				DA0C3BC629DCF3B000079BCD /* Frameworks */,
				DA0C3BC729DCF3B000079BCD /* Resources */,
			);
			buildRules = (
			);
			dependencies = (
			);
			name = SwiftUILayoutSystem;
			productName = SwiftUILayoutSystem;
			productReference = DA0C3BC929DCF3B000079BCD /* SwiftUILayoutSystem.app */;
			productType = "com.apple.product-type.application";
		};
/* End PBXNativeTarget section */

/* Begin PBXProject section */
		DA0C3BC129DCF3AF00079BCD /* Project object */ = {
			isa = PBXProject;
			attributes = {
				BuildIndependentTargetsInParallel = 1;
				LastSwiftUpdateCheck = 1420;
				LastUpgradeCheck = 1420;
				TargetAttributes = {
					DA0C3BC829DCF3B000079BCD = {
						CreatedOnToolsVersion = 14.2;
					};
				};
			};
			buildConfigurationList = DA0C3BC429DCF3AF00079BCD /* Build configuration list for PBXProject "SwiftUILayoutSystem" */;
			compatibilityVersion = "Xcode 14.0";
			developmentRegion = en;
			hasScannedForEncodings = 0;
			knownRegions = (
				en,
				Base,
			);
			mainGroup = DA0C3BC029DCF3AF00079BCD;
			productRefGroup = DA0C3BCA29DCF3B000079BCD /* Products */;
			projectDirPath = "";
			projectRoot = "";
			targets = (
				DA0C3BC829DCF3B000079BCD /* SwiftUILayoutSystem */,
			);
		};
/* End PBXProject section */

/* Begin PBXResourcesBuildPhase section */
		DA0C3BC729DCF3B000079BCD /* Resources */ = {
			isa = PBXResourcesBuildPhase;
			buildActionMask = 2147483647;
			files = (
				DA0C3BD429DCF3B200079BCD /* Preview Assets.xcassets in Resources */,
				DA0C3BD129DCF3B200079BCD /* Assets.xcassets in Resources */,
			);
			runOnlyForDeploymentPostprocessing = 0;
		};
/* End PBXResourcesBuildPhase section */

/* Begin PBXSourcesBuildPhase section */
		DA0C3BC529DCF3B000079BCD /* Sources */ = {
			isa = PBXSourcesBuildPhase;
			buildActionMask = 2147483647;
			files = (
				DA0C3BE129DCF55100079BCD /* ExTextField.swift in Sources */,
				DA0C3BF929DCFBC900079BCD /* ExCapsule.swift in Sources */,
				DA0C3BDD29DCF4DB00079BCD /* ExColor.swift in Sources */,
				DA0C3BF129DCFA2700079BCD /* ExDatePicker.swift in Sources */,
				DA0C3BDF29DCF4F500079BCD /* ExToggle.swift in Sources */,
				DA0C3BF729DCFB9600079BCD /* ExEllipse.swift in Sources */,
				DA0C3BFF29DCFE4D00079BCD /* ExLazyVStack.swift in Sources */,
				DA0C3BDB29DCF4C300079BCD /* ExText.swift in Sources */,
				DA0C3C0929DD04F500079BCD /* ExImage.swift in Sources */,
				DA0C3BE529DCF71100079BCD /* ExScrollView.swift in Sources */,
				DA0C3BE929DCF7D900079BCD /* ExSlider.swift in Sources */,
				DA0C3BEB29DCF84400079BCD /* ExStepper.swift in Sources */,
				DA0C3BF529DCFB4800079BCD /* ExCircle.swift in Sources */,
				DA0C3BCF29DCF3B000079BCD /* ContentView.swift in Sources */,
				DA0C3BFD29DCFE1000079BCD /* ExHStack.swift in Sources */,
				DA0C3C0529DD003400079BCD /* ExMaxWidth.swift in Sources */,
				DA1D27BF29DDA6010095EDFF /* ExMaxWidth2.swift in Sources */,
				DA0C3BE729DCF77700079BCD /* ExLink.swift in Sources */,
				DA0C3BE329DCF69D00079BCD /* ExButton.swift in Sources */,
				DA0C3C0129DCFE8300079BCD /* ExLazyHStack.swift in Sources */,
				DA0C3BED29DCF88C00079BCD /* ExGauge.swift in Sources */,
				DA0C3BCD29DCF3B000079BCD /* SwiftUILayoutSystemApp.swift in Sources */,
				DA0C3BEF29DCF94D00079BCD /* ExProgressView.swift in Sources */,
				DA0C3BF329DCFA8A00079BCD /* ExLinerGradient.swift in Sources */,
				DA0C3C0729DD048A00079BCD /* ExGeometryReader.swift in Sources */,
				DA0C3C0329DCFFAB00079BCD /* ExAngularGradient.swift in Sources */,
				DA1D27C129DDA6D30095EDFF /* ExMaxWidth3.swift in Sources */,
				DA0C3C0B29DD062D00079BCD /* ExRectangle.swift in Sources */,
				DA1D27BD29DD9E9F0095EDFF /* ExLayoutPriority.swift in Sources */,
				DA0C3BFB29DCFD2A00079BCD /* ExVStack.swift in Sources */,
			);
			runOnlyForDeploymentPostprocessing = 0;
		};
/* End PBXSourcesBuildPhase section */

/* Begin XCBuildConfiguration section */
		DA0C3BD529DCF3B200079BCD /* Debug */ = {
			isa = XCBuildConfiguration;
			buildSettings = {
				ALWAYS_SEARCH_USER_PATHS = NO;
				CLANG_ANALYZER_NONNULL = YES;
				CLANG_ANALYZER_NUMBER_OBJECT_CONVERSION = YES_AGGRESSIVE;
				CLANG_CXX_LANGUAGE_STANDARD = "gnu++20";
				CLANG_ENABLE_MODULES = YES;
				CLANG_ENABLE_OBJC_ARC = YES;
				CLANG_ENABLE_OBJC_WEAK = YES;
				CLANG_WARN_BLOCK_CAPTURE_AUTORELEASING = YES;
				CLANG_WARN_BOOL_CONVERSION = YES;
				CLANG_WARN_COMMA = YES;
				CLANG_WARN_CONSTANT_CONVERSION = YES;
				CLANG_WARN_DEPRECATED_OBJC_IMPLEMENTATIONS = YES;
				CLANG_WARN_DIRECT_OBJC_ISA_USAGE = YES_ERROR;
				CLANG_WARN_DOCUMENTATION_COMMENTS = YES;
				CLANG_WARN_EMPTY_BODY = YES;
				CLANG_WARN_ENUM_CONVERSION = YES;
				CLANG_WARN_INFINITE_RECURSION = YES;
				CLANG_WARN_INT_CONVERSION = YES;
				CLANG_WARN_NON_LITERAL_NULL_CONVERSION = YES;
				CLANG_WARN_OBJC_IMPLICIT_RETAIN_SELF = YES;
				CLANG_WARN_OBJC_LITERAL_CONVERSION = YES;
				CLANG_WARN_OBJC_ROOT_CLASS = YES_ERROR;
				CLANG_WARN_QUOTED_INCLUDE_IN_FRAMEWORK_HEADER = YES;
				CLANG_WARN_RANGE_LOOP_ANALYSIS = YES;
				CLANG_WARN_STRICT_PROTOTYPES = YES;
				CLANG_WARN_SUSPICIOUS_MOVE = YES;
				CLANG_WARN_UNGUARDED_AVAILABILITY = YES_AGGRESSIVE;
				CLANG_WARN_UNREACHABLE_CODE = YES;
				CLANG_WARN__DUPLICATE_METHOD_MATCH = YES;
				COPY_PHASE_STRIP = NO;
				DEBUG_INFORMATION_FORMAT = dwarf;
				ENABLE_STRICT_OBJC_MSGSEND = YES;
				ENABLE_TESTABILITY = YES;
				GCC_C_LANGUAGE_STANDARD = gnu11;
				GCC_DYNAMIC_NO_PIC = NO;
				GCC_NO_COMMON_BLOCKS = YES;
				GCC_OPTIMIZATION_LEVEL = 0;
				GCC_PREPROCESSOR_DEFINITIONS = (
					"DEBUG=1",
					"$(inherited)",
				);
				GCC_WARN_64_TO_32_BIT_CONVERSION = YES;
				GCC_WARN_ABOUT_RETURN_TYPE = YES_ERROR;
				GCC_WARN_UNDECLARED_SELECTOR = YES;
				GCC_WARN_UNINITIALIZED_AUTOS = YES_AGGRESSIVE;
				GCC_WARN_UNUSED_FUNCTION = YES;
				GCC_WARN_UNUSED_VARIABLE = YES;
				IPHONEOS_DEPLOYMENT_TARGET = 16.2;
				MTL_ENABLE_DEBUG_INFO = INCLUDE_SOURCE;
				MTL_FAST_MATH = YES;
				ONLY_ACTIVE_ARCH = YES;
				SDKROOT = iphoneos;
				SWIFT_ACTIVE_COMPILATION_CONDITIONS = DEBUG;
				SWIFT_OPTIMIZATION_LEVEL = "-Onone";
			};
			name = Debug;
		};
		DA0C3BD629DCF3B200079BCD /* Release */ = {
			isa = XCBuildConfiguration;
			buildSettings = {
				ALWAYS_SEARCH_USER_PATHS = NO;
				CLANG_ANALYZER_NONNULL = YES;
				CLANG_ANALYZER_NUMBER_OBJECT_CONVERSION = YES_AGGRESSIVE;
				CLANG_CXX_LANGUAGE_STANDARD = "gnu++20";
				CLANG_ENABLE_MODULES = YES;
				CLANG_ENABLE_OBJC_ARC = YES;
				CLANG_ENABLE_OBJC_WEAK = YES;
				CLANG_WARN_BLOCK_CAPTURE_AUTORELEASING = YES;
				CLANG_WARN_BOOL_CONVERSION = YES;
				CLANG_WARN_COMMA = YES;
				CLANG_WARN_CONSTANT_CONVERSION = YES;
				CLANG_WARN_DEPRECATED_OBJC_IMPLEMENTATIONS = YES;
				CLANG_WARN_DIRECT_OBJC_ISA_USAGE = YES_ERROR;
				CLANG_WARN_DOCUMENTATION_COMMENTS = YES;
				CLANG_WARN_EMPTY_BODY = YES;
				CLANG_WARN_ENUM_CONVERSION = YES;
				CLANG_WARN_INFINITE_RECURSION = YES;
				CLANG_WARN_INT_CONVERSION = YES;
				CLANG_WARN_NON_LITERAL_NULL_CONVERSION = YES;
				CLANG_WARN_OBJC_IMPLICIT_RETAIN_SELF = YES;
				CLANG_WARN_OBJC_LITERAL_CONVERSION = YES;
				CLANG_WARN_OBJC_ROOT_CLASS = YES_ERROR;
				CLANG_WARN_QUOTED_INCLUDE_IN_FRAMEWORK_HEADER = YES;
				CLANG_WARN_RANGE_LOOP_ANALYSIS = YES;
				CLANG_WARN_STRICT_PROTOTYPES = YES;
				CLANG_WARN_SUSPICIOUS_MOVE = YES;
				CLANG_WARN_UNGUARDED_AVAILABILITY = YES_AGGRESSIVE;
				CLANG_WARN_UNREACHABLE_CODE = YES;
				CLANG_WARN__DUPLICATE_METHOD_MATCH = YES;
				COPY_PHASE_STRIP = NO;
				DEBUG_INFORMATION_FORMAT = "dwarf-with-dsym";
				ENABLE_NS_ASSERTIONS = NO;
				ENABLE_STRICT_OBJC_MSGSEND = YES;
				GCC_C_LANGUAGE_STANDARD = gnu11;
				GCC_NO_COMMON_BLOCKS = YES;
				GCC_WARN_64_TO_32_BIT_CONVERSION = YES;
				GCC_WARN_ABOUT_RETURN_TYPE = YES_ERROR;
				GCC_WARN_UNDECLARED_SELECTOR = YES;
				GCC_WARN_UNINITIALIZED_AUTOS = YES_AGGRESSIVE;
				GCC_WARN_UNUSED_FUNCTION = YES;
				GCC_WARN_UNUSED_VARIABLE = YES;
				IPHONEOS_DEPLOYMENT_TARGET = 16.2;
				MTL_ENABLE_DEBUG_INFO = NO;
				MTL_FAST_MATH = YES;
				SDKROOT = iphoneos;
				SWIFT_COMPILATION_MODE = wholemodule;
				SWIFT_OPTIMIZATION_LEVEL = "-O";
				VALIDATE_PRODUCT = YES;
			};
			name = Release;
		};
		DA0C3BD829DCF3B200079BCD /* Debug */ = {
			isa = XCBuildConfiguration;
			buildSettings = {
				ASSETCATALOG_COMPILER_APPICON_NAME = AppIcon;
				ASSETCATALOG_COMPILER_GLOBAL_ACCENT_COLOR_NAME = AccentColor;
				CODE_SIGN_STYLE = Automatic;
				CURRENT_PROJECT_VERSION = 1;
				DEVELOPMENT_ASSET_PATHS = "\"SwiftUILayoutSystem/Preview Content\"";
				DEVELOPMENT_TEAM = 8U533Y3X82;
				ENABLE_PREVIEWS = YES;
				GENERATE_INFOPLIST_FILE = YES;
				INFOPLIST_KEY_UIApplicationSceneManifest_Generation = YES;
				INFOPLIST_KEY_UIApplicationSupportsIndirectInputEvents = YES;
				INFOPLIST_KEY_UILaunchScreen_Generation = YES;
				INFOPLIST_KEY_UISupportedInterfaceOrientations_iPad = "UIInterfaceOrientationPortrait UIInterfaceOrientationPortraitUpsideDown UIInterfaceOrientationLandscapeLeft UIInterfaceOrientationLandscapeRight";
				INFOPLIST_KEY_UISupportedInterfaceOrientations_iPhone = "UIInterfaceOrientationPortrait UIInterfaceOrientationLandscapeLeft UIInterfaceOrientationLandscapeRight";
				LD_RUNPATH_SEARCH_PATHS = (
					"$(inherited)",
					"@executable_path/Frameworks",
				);
				MARKETING_VERSION = 1.0;
				PRODUCT_BUNDLE_IDENTIFIER = com.shotanakagami.SwiftUILayoutSystem;
				PRODUCT_NAME = "$(TARGET_NAME)";
				SWIFT_EMIT_LOC_STRINGS = YES;
				SWIFT_VERSION = 5.0;
				TARGETED_DEVICE_FAMILY = "1,2";
			};
			name = Debug;
		};
		DA0C3BD929DCF3B200079BCD /* Release */ = {
			isa = XCBuildConfiguration;
			buildSettings = {
				ASSETCATALOG_COMPILER_APPICON_NAME = AppIcon;
				ASSETCATALOG_COMPILER_GLOBAL_ACCENT_COLOR_NAME = AccentColor;
				CODE_SIGN_STYLE = Automatic;
				CURRENT_PROJECT_VERSION = 1;
				DEVELOPMENT_ASSET_PATHS = "\"SwiftUILayoutSystem/Preview Content\"";
				DEVELOPMENT_TEAM = 8U533Y3X82;
				ENABLE_PREVIEWS = YES;
				GENERATE_INFOPLIST_FILE = YES;
				INFOPLIST_KEY_UIApplicationSceneManifest_Generation = YES;
				INFOPLIST_KEY_UIApplicationSupportsIndirectInputEvents = YES;
				INFOPLIST_KEY_UILaunchScreen_Generation = YES;
				INFOPLIST_KEY_UISupportedInterfaceOrientations_iPad = "UIInterfaceOrientationPortrait UIInterfaceOrientationPortraitUpsideDown UIInterfaceOrientationLandscapeLeft UIInterfaceOrientationLandscapeRight";
				INFOPLIST_KEY_UISupportedInterfaceOrientations_iPhone = "UIInterfaceOrientationPortrait UIInterfaceOrientationLandscapeLeft UIInterfaceOrientationLandscapeRight";
				LD_RUNPATH_SEARCH_PATHS = (
					"$(inherited)",
					"@executable_path/Frameworks",
				);
				MARKETING_VERSION = 1.0;
				PRODUCT_BUNDLE_IDENTIFIER = com.shotanakagami.SwiftUILayoutSystem;
				PRODUCT_NAME = "$(TARGET_NAME)";
				SWIFT_EMIT_LOC_STRINGS = YES;
				SWIFT_VERSION = 5.0;
				TARGETED_DEVICE_FAMILY = "1,2";
			};
			name = Release;
		};
/* End XCBuildConfiguration section */

/* Begin XCConfigurationList section */
		DA0C3BC429DCF3AF00079BCD /* Build configuration list for PBXProject "SwiftUILayoutSystem" */ = {
			isa = XCConfigurationList;
			buildConfigurations = (
				DA0C3BD529DCF3B200079BCD /* Debug */,
				DA0C3BD629DCF3B200079BCD /* Release */,
			);
			defaultConfigurationIsVisible = 0;
			defaultConfigurationName = Release;
		};
		DA0C3BD729DCF3B200079BCD /* Build configuration list for PBXNativeTarget "SwiftUILayoutSystem" */ = {
			isa = XCConfigurationList;
			buildConfigurations = (
				DA0C3BD829DCF3B200079BCD /* Debug */,
				DA0C3BD929DCF3B200079BCD /* Release */,
			);
			defaultConfigurationIsVisible = 0;
			defaultConfigurationName = Release;
		};
/* End XCConfigurationList section */
	};
	rootObject = DA0C3BC129DCF3AF00079BCD /* Project object */;
}
